# This file is automatically @generated by Cargo.
# It is not intended for manual editing.
version = 3

[[package]]
name = "assignment_04"
version = "0.1.0"
dependencies = [
 "perf-event2",
]

[[package]]
name = "autocfg"
version = "1.4.0"
source = "registry+https://github.com/rust-lang/crates.io-index"
checksum = "ace50bade8e6234aa140d9a2f552bbee1db4d353f69b8217bc503490fc1a9f26"

[[package]]
name = "bitflags"
version = "2.6.0"
source = "registry+https://github.com/rust-lang/crates.io-index"
checksum = "b048fb63fd8b5923fc5aa7b340d8e156aec7ec02f0c78fa8a6ddc2613f6f71de"

[[package]]
name = "c-enum"
version = "0.2.3"
source = "registry+https://github.com/rust-lang/crates.io-index"
checksum = "cd17eb909a8c6a894926bfcc3400a4bb0e732f5a57d37b1f14e8b29e329bace8"

[[package]]
name = "libc"
version = "0.2.167"
source = "registry+https://github.com/rust-lang/crates.io-index"
checksum = "09d6582e104315a817dff97f75133544b2e094ee22447d2acf4a74e189ba06fc"

[[package]]
name = "memmap2"
version = "0.9.5"
source = "registry+https://github.com/rust-lang/crates.io-index"
checksum = "fd3f7eed9d3848f8b98834af67102b720745c4ec028fcd0aa0239277e7de374f"
dependencies = [
 "libc",
]

[[package]]
name = "memoffset"
version = "0.9.1"
source = "registry+https://github.com/rust-lang/crates.io-index"
checksum = "488016bfae457b036d996092f6cb448677611ce4449e970ceaf42695203f218a"
dependencies = [
 "autocfg",
]

[[package]]
name = "perf-event-data"
version = "0.1.6"
source = "registry+https://github.com/rust-lang/crates.io-index"
checksum = "d84c4d28ab20b2fd15c9e9378ec2dc2bb5766caf1d480fe6bea2ce110f5e7357"
dependencies = [
 "bitflags",
 "c-enum",
 "perf-event-open-sys2",
]

[[package]]
name = "perf-event-open-sys2"
version = "5.0.6"
source = "registry+https://github.com/rust-lang/crates.io-index"
checksum = "d9c25955321465255e437600b54296983fab1feac2cd0c38958adeb26dbae49e"
dependencies = [
 "libc",
 "memoffset",
]

[[package]]
name = "perf-event2"
version = "0.7.4"
source = "registry+https://github.com/rust-lang/crates.io-index"
checksum = "0939b8fad77dfaeb29ebbd35faaeaadbf833167f30975f1b8993bbba09ea0a0f"
dependencies = [
 "bitflags",
 "c-enum",
 "libc",
 "memmap2",
 "perf-event-data",
 "perf-event-open-sys2",
]
